
Microsoft Visual Studio Solution File, Format Version 12.00
# Visual Studio 2012
Project("{FAE04EC0-301F-11D3-BF4B-00C04F79EFBC}") = "Notification", "Notification\Notification.csproj", "{2A5A0CBA-B4F7-4624-BBC4-1BFCFD875C31}"
EndProject
Project("{FAE04EC0-301F-11D3-BF4B-00C04F79EFBC}") = "Notification.Wpf", "Notification.Wpf\Notification.Wpf.csproj", "{3D9D1C21-99A3-4EE3-B0F0-0F55AC308306}"
EndProject
Global
	GlobalSection(TeamFoundationVersionControl) = preSolution
		SccNumberOfProjects = 3
		SccEnterpriseProvider = {4CA58AB2-18FA-4F8D-95D4-32DDF27D184C}
		SccTeamFoundationServer = https://amusedia.visualstudio.com/defaultcollection
		SccLocalPath0 = .
		SccProjectUniqueName1 = Notification.Wpf\\Notification.Wpf.csproj
		SccProjectName1 = Notification.Wpf
		SccLocalPath1 = Notification.Wpf
		SccProjectUniqueName2 = Notification\\Notification.csproj
		SccProjectName2 = Notification
		SccLocalPath2 = Notification
	EndGlobalSection
	GlobalSection(SolutionConfigurationPlatforms) = preSolution
		Debug|Any CPU = Debug|Any CPU
		Release|Any CPU = Release|Any CPU
	EndGlobalSection
	GlobalSection(ProjectConfigurationPlatforms) = postSolution
		{2A5A0CBA-B4F7-4624-BBC4-1BFCFD875C31}.Debug|Any CPU.ActiveCfg = Debug|Any CPU
		{2A5A0CBA-B4F7-4624-BBC4-1BFCFD875C31}.Debug|Any CPU.Build.0 = Debug|Any CPU
		{2A5A0CBA-B4F7-4624-BBC4-1BFCFD875C31}.Release|Any CPU.ActiveCfg = Release|Any CPU
		{2A5A0CBA-B4F7-4624-BBC4-1BFCFD875C31}.Release|Any CPU.Build.0 = Release|Any CPU
		{3D9D1C21-99A3-4EE3-B0F0-0F55AC308306}.Debug|Any CPU.ActiveCfg = Debug|Any CPU
		{3D9D1C21-99A3-4EE3-B0F0-0F55AC308306}.Debug|Any CPU.Build.0 = Debug|Any CPU
		{3D9D1C21-99A3-4EE3-B0F0-0F55AC308306}.Release|Any CPU.ActiveCfg = Release|Any CPU
		{3D9D1C21-99A3-4EE3-B0F0-0F55AC308306}.Release|Any CPU.Build.0 = Release|Any CPU
	EndGlobalSection
	GlobalSection(SolutionProperties) = preSolution
		HideSolutionNode = FALSE
	EndGlobalSection
EndGlobal
